{
  "nodes": {
    "dunai": {
      "flake": false,
      "locked": {
        "lastModified": 1703385616,
        "narHash": "sha256-x6+rSUzqNdMx9/rUz8SIo9MsEjnGb/SQyIUjNBojbRo=",
        "owner": "ivanperez-keera",
        "repo": "dunai",
        "rev": "14f761f0234521160a5af682723cc0ead3f002ce",
        "type": "github"
      },
      "original": {
        "owner": "ivanperez-keera",
        "repo": "dunai",
        "type": "github"
      }
    },
    "imgui": {
      "flake": false,
      "locked": {
        "lastModified": 1693833415,
        "narHash": "sha256-0k9jKrJUrG9piHNFQaBBY3zgNIKM23ZA879NY+MNYTU=",
        "owner": "ocornut",
        "repo": "imgui",
        "rev": "c6e0284ac58b3f205c95365478888f7b53b077e2",
        "type": "github"
      },
      "original": {
        "owner": "ocornut",
        "ref": "v1.89.9",
        "repo": "imgui",
        "type": "github"
      }
    },
    "imgui-hs": {
      "flake": false,
      "locked": {
        "lastModified": 1702647064,
        "narHash": "sha256-z0ei+n8FD7PGjxxBwEyXkapV2zO2gxuLXEdT4JuZq9Y=",
        "owner": "haskell-game",
        "repo": "dear-imgui.hs",
        "rev": "4d1c66e9a14cb3d9ec5f7e0b7b4847d3804acb63",
        "type": "github"
      },
      "original": {
        "owner": "haskell-game",
        "repo": "dear-imgui.hs",
        "type": "github"
      }
    },
    "nix-filter": {
      "locked": {
        "lastModified": 1701697642,
        "narHash": "sha256-L217WytWZHSY8GW9Gx1A64OnNctbuDbfslaTEofXXRw=",
        "owner": "numtide",
        "repo": "nix-filter",
        "rev": "c843418ecfd0344ecb85844b082ff5675e02c443",
        "type": "github"
      },
      "original": {
        "owner": "numtide",
        "repo": "nix-filter",
        "type": "github"
      }
    },
    "nixpkgs": {
      "locked": {
        "lastModified": 1703438236,
        "narHash": "sha256-aqVBq1u09yFhL7bj1/xyUeJjzr92fXVvQSSEx6AdB1M=",
        "owner": "nixos",
        "repo": "nixpkgs",
        "rev": "5f64a12a728902226210bf01d25ec6cbb9d9265b",
        "type": "github"
      },
      "original": {
        "owner": "nixos",
        "ref": "nixos-unstable",
        "repo": "nixpkgs",
        "type": "github"
      }
    },
    "rhine": {
      "flake": false,
      "locked": {
        "lastModified": 1702409640,
        "narHash": "sha256-vwCqjINo2uLrHuIYckh8jOEITYYI/T1QcOkY4vXaGM4=",
        "owner": "ners",
        "repo": "rhine",
        "rev": "9c14db55023597bc747f9806598977758a3e587a",
        "type": "github"
      },
      "original": {
        "owner": "ners",
        "ref": "dunai-0.12",
        "repo": "rhine",
        "type": "github"
      }
    },
    "root": {
      "inputs": {
        "dunai": "dunai",
        "imgui": "imgui",
        "imgui-hs": "imgui-hs",
        "nix-filter": "nix-filter",
        "nixpkgs": "nixpkgs",
        "rhine": "rhine"
      }
    }
  },
  "root": "root",
  "version": 7
}
